
Microsoft Visual Studio Solution File, Format Version 12.00
# Visual Studio Version 17
VisualStudioVersion = 17.0.32126.317
MinimumVisualStudioVersion = 10.0.40219.1
Project("{FAE04EC0-301F-11D3-BF4B-00C04F79EFBC}") = "Collection", "Collection\Collection.csproj", "{0F715756-AC90-4379-AAD6-605322FDF908}"
EndProject
Project("{FAE04EC0-301F-11D3-BF4B-00C04F79EFBC}") = "Demos", "Demos\Demos.csproj", "{2EFF139B-4B76-4AC7-B3B3-930B6C9DF09A}"
EndProject
Project("{FAE04EC0-301F-11D3-BF4B-00C04F79EFBC}") = "RecursiveMethods", "RecursiveMethods\RecursiveMethods.csproj", "{6E35F479-17AB-42C9-8F74-C53BA0ECF072}"
EndProject
Global
	GlobalSection(SolutionConfigurationPlatforms) = preSolution
		Debug|Any CPU = Debug|Any CPU
		Release|Any CPU = Release|Any CPU
	EndGlobalSection
	GlobalSection(ProjectConfigurationPlatforms) = postSolution
		{0F715756-AC90-4379-AAD6-605322FDF908}.Debug|Any CPU.ActiveCfg = Debug|Any CPU
		{0F715756-AC90-4379-AAD6-605322FDF908}.Debug|Any CPU.Build.0 = Debug|Any CPU
		{0F715756-AC90-4379-AAD6-605322FDF908}.Release|Any CPU.ActiveCfg = Release|Any CPU
		{0F715756-AC90-4379-AAD6-605322FDF908}.Release|Any CPU.Build.0 = Release|Any CPU
		{2EFF139B-4B76-4AC7-B3B3-930B6C9DF09A}.Debug|Any CPU.ActiveCfg = Debug|Any CPU
		{2EFF139B-4B76-4AC7-B3B3-930B6C9DF09A}.Debug|Any CPU.Build.0 = Debug|Any CPU
		{2EFF139B-4B76-4AC7-B3B3-930B6C9DF09A}.Release|Any CPU.ActiveCfg = Release|Any CPU
		{2EFF139B-4B76-4AC7-B3B3-930B6C9DF09A}.Release|Any CPU.Build.0 = Release|Any CPU
		{6E35F479-17AB-42C9-8F74-C53BA0ECF072}.Debug|Any CPU.ActiveCfg = Debug|Any CPU
		{6E35F479-17AB-42C9-8F74-C53BA0ECF072}.Debug|Any CPU.Build.0 = Debug|Any CPU
		{6E35F479-17AB-42C9-8F74-C53BA0ECF072}.Release|Any CPU.ActiveCfg = Release|Any CPU
		{6E35F479-17AB-42C9-8F74-C53BA0ECF072}.Release|Any CPU.Build.0 = Release|Any CPU
	EndGlobalSection
	GlobalSection(SolutionProperties) = preSolution
		HideSolutionNode = FALSE
	EndGlobalSection
	GlobalSection(ExtensibilityGlobals) = postSolution
		SolutionGuid = {FF92637D-69B6-4A7A-B734-DE1F18FFC88D}
	EndGlobalSection
EndGlobal
